
Microsoft Visual Studio Solution File, Format Version 12.00
# Visual Studio Version 16
VisualStudioVersion = 16.0.29709.97
MinimumVisualStudioVersion = 10.0.40219.1
Project("{FAE04EC0-301F-11D3-BF4B-00C04F79EFBC}") = "Animal", "Animal\Animal.csproj", "{FD57F55C-5566-4DAB-99D9-83F4C5A4B2BC}"
EndProject
Global
	GlobalSection(SolutionConfigurationPlatforms) = preSolution
		Debug|Any CPU = Debug|Any CPU
		Release|Any CPU = Release|Any CPU
	EndGlobalSection
	GlobalSection(ProjectConfigurationPlatforms) = postSolution
		{FD57F55C-5566-4DAB-99D9-83F4C5A4B2BC}.Debug|Any CPU.ActiveCfg = Debug|Any CPU
		{FD57F55C-5566-4DAB-99D9-83F4C5A4B2BC}.Debug|Any CPU.Build.0 = Debug|Any CPU
		{FD57F55C-5566-4DAB-99D9-83F4C5A4B2BC}.Release|Any CPU.ActiveCfg = Release|Any CPU
		{FD57F55C-5566-4DAB-99D9-83F4C5A4B2BC}.Release|Any CPU.Build.0 = Release|Any CPU
	EndGlobalSection
	GlobalSection(SolutionProperties) = preSolution
		HideSolutionNode = FALSE
	EndGlobalSection
	GlobalSection(ExtensibilityGlobals) = postSolution
		SolutionGuid = {795777FC-37EA-4359-89BE-424434DCEAE6}
	EndGlobalSection
EndGlobal
